
Microsoft Visual Studio Solution File, Format Version 12.00
# Visual Studio 15
VisualStudioVersion = 15.0.27428.2037
MinimumVisualStudioVersion = 10.0.40219.1
Project("{FAE04EC0-301F-11D3-BF4B-00C04F79EFBC}") = "CreditScan.Android", "CreditScan\CreditScan.Android\CreditScan.Android.csproj", "{5E6B57CC-6DCA-4B3D-8725-C71AE681A174}"
EndProject
Project("{FAE04EC0-301F-11D3-BF4B-00C04F79EFBC}") = "CreditScan.iOS", "CreditScan\CreditScan.iOS\CreditScan.iOS.csproj", "{FCE19E3D-BC1A-470A-9C35-E5A4DC84BAC9}"
EndProject
Project("{FAE04EC0-301F-11D3-BF4B-00C04F79EFBC}") = "CreditScan.UWP", "CreditScan\CreditScan.UWP\CreditScan.UWP.csproj", "{F72FB960-21AC-4DF3-9D94-E8179F9EB8A4}"
EndProject
Project("{FAE04EC0-301F-11D3-BF4B-00C04F79EFBC}") = "CreditScan", "CreditScan\CreditScan\CreditScan.csproj", "{1CD439DF-B430-40D0-8465-6759A6C7DEBE}"
EndProject
Global
	GlobalSection(SolutionConfigurationPlatforms) = preSolution
		Ad-Hoc|Any CPU = Ad-Hoc|Any CPU
		Ad-Hoc|ARM = Ad-Hoc|ARM
		Ad-Hoc|iPhone = Ad-Hoc|iPhone
		Ad-Hoc|iPhoneSimulator = Ad-Hoc|iPhoneSimulator
		Ad-Hoc|x64 = Ad-Hoc|x64
		Ad-Hoc|x86 = Ad-Hoc|x86
		AppStore|Any CPU = AppStore|Any CPU
		AppStore|ARM = AppStore|ARM
		AppStore|iPhone = AppStore|iPhone
		AppStore|iPhoneSimulator = AppStore|iPhoneSimulator
		AppStore|x64 = AppStore|x64
		AppStore|x86 = AppStore|x86
		Debug|Any CPU = Debug|Any CPU
		Debug|ARM = Debug|ARM
		Debug|iPhone = Debug|iPhone
		Debug|iPhoneSimulator = Debug|iPhoneSimulator
		Debug|x64 = Debug|x64
		Debug|x86 = Debug|x86
		Release|Any CPU = Release|Any CPU
		Release|ARM = Release|ARM
		Release|iPhone = Release|iPhone
		Release|iPhoneSimulator = Release|iPhoneSimulator
		Release|x64 = Release|x64
		Release|x86 = Release|x86
	EndGlobalSection
	GlobalSection(ProjectConfigurationPlatforms) = postSolution
		{5E6B57CC-6DCA-4B3D-8725-C71AE681A174}.Ad-Hoc|Any CPU.ActiveCfg = Release|Any CPU
		{5E6B57CC-6DCA-4B3D-8725-C71AE681A174}.Ad-Hoc|Any CPU.Build.0 = Release|Any CPU
		{5E6B57CC-6DCA-4B3D-8725-C71AE681A174}.Ad-Hoc|Any CPU.Deploy.0 = Release|Any CPU
		{5E6B57CC-6DCA-4B3D-8725-C71AE681A174}.Ad-Hoc|ARM.ActiveCfg = Release|Any CPU
		{5E6B57CC-6DCA-4B3D-8725-C71AE681A174}.Ad-Hoc|ARM.Build.0 = Release|Any CPU
		{5E6B57CC-6DCA-4B3D-8725-C71AE681A174}.Ad-Hoc|ARM.Deploy.0 = Release|Any CPU
		{5E6B57CC-6DCA-4B3D-8725-C71AE681A174}.Ad-Hoc|iPhone.ActiveCfg = Release|Any CPU
		{5E6B57CC-6DCA-4B3D-8725-C71AE681A174}.Ad-Hoc|iPhone.Build.0 = Release|Any CPU
		{5E6B57CC-6DCA-4B3D-8725-C71AE681A174}.Ad-Hoc|iPhone.Deploy.0 = Release|Any CPU
		{5E6B57CC-6DCA-4B3D-8725-C71AE681A174}.Ad-Hoc|iPhoneSimulator.ActiveCfg = Release|Any CPU
		{5E6B57CC-6DCA-4B3D-8725-C71AE681A174}.Ad-Hoc|iPhoneSimulator.Build.0 = Release|Any CPU
		{5E6B57CC-6DCA-4B3D-8725-C71AE681A174}.Ad-Hoc|iPhoneSimulator.Deploy.0 = Release|Any CPU
		{5E6B57CC-6DCA-4B3D-8725-C71AE681A174}.Ad-Hoc|x64.ActiveCfg = Release|Any CPU
		{5E6B57CC-6DCA-4B3D-8725-C71AE681A174}.Ad-Hoc|x64.Build.0 = Release|Any CPU
		{5E6B57CC-6DCA-4B3D-8725-C71AE681A174}.Ad-Hoc|x64.Deploy.0 = Release|Any CPU
		{5E6B57CC-6DCA-4B3D-8725-C71AE681A174}.Ad-Hoc|x86.ActiveCfg = Release|Any CPU
		{5E6B57CC-6DCA-4B3D-8725-C71AE681A174}.Ad-Hoc|x86.Build.0 = Release|Any CPU
		{5E6B57CC-6DCA-4B3D-8725-C71AE681A174}.Ad-Hoc|x86.Deploy.0 = Release|Any CPU
		{5E6B57CC-6DCA-4B3D-8725-C71AE681A174}.AppStore|Any CPU.ActiveCfg = Release|Any CPU
		{5E6B57CC-6DCA-4B3D-8725-C71AE681A174}.AppStore|Any CPU.Build.0 = Release|Any CPU
		{5E6B57CC-6DCA-4B3D-8725-C71AE681A174}.AppStore|Any CPU.Deploy.0 = Release|Any CPU
		{5E6B57CC-6DCA-4B3D-8725-C71AE681A174}.AppStore|ARM.ActiveCfg = Release|Any CPU
		{5E6B57CC-6DCA-4B3D-8725-C71AE681A174}.AppStore|ARM.Build.0 = Release|Any CPU
		{5E6B57CC-6DCA-4B3D-8725-C71AE681A174}.AppStore|ARM.Deploy.0 = Release|Any CPU
		{5E6B57CC-6DCA-4B3D-8725-C71AE681A174}.AppStore|iPhone.ActiveCfg = Release|Any CPU
		{5E6B57CC-6DCA-4B3D-8725-C71AE681A174}.AppStore|iPhone.Build.0 = Release|Any CPU
		{5E6B57CC-6DCA-4B3D-8725-C71AE681A174}.AppStore|iPhone.Deploy.0 = Release|Any CPU
		{5E6B57CC-6DCA-4B3D-8725-C71AE681A174}.AppStore|iPhoneSimulator.ActiveCfg = Release|Any CPU
		{5E6B57CC-6DCA-4B3D-8725-C71AE681A174}.AppStore|iPhoneSimulator.Build.0 = Release|Any CPU
		{5E6B57CC-6DCA-4B3D-8725-C71AE681A174}.AppStore|iPhoneSimulator.Deploy.0 = Release|Any CPU
		{5E6B57CC-6DCA-4B3D-8725-C71AE681A174}.AppStore|x64.ActiveCfg = Release|Any CPU
		{5E6B57CC-6DCA-4B3D-8725-C71AE681A174}.AppStore|x64.Build.0 = Release|Any CPU
		{5E6B57CC-6DCA-4B3D-8725-C71AE681A174}.AppStore|x64.Deploy.0 = Release|Any CPU
		{5E6B57CC-6DCA-4B3D-8725-C71AE681A174}.AppStore|x86.ActiveCfg = Release|Any CPU
		{5E6B57CC-6DCA-4B3D-8725-C71AE681A174}.AppStore|x86.Build.0 = Release|Any CPU
		{5E6B57CC-6DCA-4B3D-8725-C71AE681A174}.AppStore|x86.Deploy.0 = Release|Any CPU
		{5E6B57CC-6DCA-4B3D-8725-C71AE681A174}.Debug|Any CPU.ActiveCfg = Debug|Any CPU
		{5E6B57CC-6DCA-4B3D-8725-C71AE681A174}.Debug|Any CPU.Build.0 = Debug|Any CPU
		{5E6B57CC-6DCA-4B3D-8725-C71AE681A174}.Debug|Any CPU.Deploy.0 = Debug|Any CPU
		{5E6B57CC-6DCA-4B3D-8725-C71AE681A174}.Debug|ARM.ActiveCfg = Debug|Any CPU
		{5E6B57CC-6DCA-4B3D-8725-C71AE681A174}.Debug|ARM.Build.0 = Debug|Any CPU
		{5E6B57CC-6DCA-4B3D-8725-C71AE681A174}.Debug|ARM.Deploy.0 = Debug|Any CPU
		{5E6B57CC-6DCA-4B3D-8725-C71AE681A174}.Debug|iPhone.ActiveCfg = Debug|Any CPU
		{5E6B57CC-6DCA-4B3D-8725-C71AE681A174}.Debug|iPhone.Build.0 = Debug|Any CPU
		{5E6B57CC-6DCA-4B3D-8725-C71AE681A174}.Debug|iPhone.Deploy.0 = Debug|Any CPU
		{5E6B57CC-6DCA-4B3D-8725-C71AE681A174}.Debug|iPhoneSimulator.ActiveCfg = Debug|Any CPU
		{5E6B57CC-6DCA-4B3D-8725-C71AE681A174}.Debug|iPhoneSimulator.Build.0 = Debug|Any CPU
		{5E6B57CC-6DCA-4B3D-8725-C71AE681A174}.Debug|iPhoneSimulator.Deploy.0 = Debug|Any CPU
		{5E6B57CC-6DCA-4B3D-8725-C71AE681A174}.Debug|x64.ActiveCfg = Debug|Any CPU
		{5E6B57CC-6DCA-4B3D-8725-C71AE681A174}.Debug|x64.Build.0 = Debug|Any CPU
		{5E6B57CC-6DCA-4B3D-8725-C71AE681A174}.Debug|x64.Deploy.0 = Debug|Any CPU
		{5E6B57CC-6DCA-4B3D-8725-C71AE681A174}.Debug|x86.ActiveCfg = Debug|Any CPU
		{5E6B57CC-6DCA-4B3D-8725-C71AE681A174}.Debug|x86.Build.0 = Debug|Any CPU
		{5E6B57CC-6DCA-4B3D-8725-C71AE681A174}.Debug|x86.Deploy.0 = Debug|Any CPU
		{5E6B57CC-6DCA-4B3D-8725-C71AE681A174}.Release|Any CPU.ActiveCfg = Release|Any CPU
		{5E6B57CC-6DCA-4B3D-8725-C71AE681A174}.Release|Any CPU.Build.0 = Release|Any CPU
		{5E6B57CC-6DCA-4B3D-8725-C71AE681A174}.Release|Any CPU.Deploy.0 = Release|Any CPU
		{5E6B57CC-6DCA-4B3D-8725-C71AE681A174}.Release|ARM.ActiveCfg = Release|Any CPU
		{5E6B57CC-6DCA-4B3D-8725-C71AE681A174}.Release|ARM.Build.0 = Release|Any CPU
		{5E6B57CC-6DCA-4B3D-8725-C71AE681A174}.Release|ARM.Deploy.0 = Release|Any CPU
		{5E6B57CC-6DCA-4B3D-8725-C71AE681A174}.Release|iPhone.ActiveCfg = Release|Any CPU
		{5E6B57CC-6DCA-4B3D-8725-C71AE681A174}.Release|iPhone.Build.0 = Release|Any CPU
		{5E6B57CC-6DCA-4B3D-8725-C71AE681A174}.Release|iPhone.Deploy.0 = Release|Any CPU
		{5E6B57CC-6DCA-4B3D-8725-C71AE681A174}.Release|iPhoneSimulator.ActiveCfg = Release|Any CPU
		{5E6B57CC-6DCA-4B3D-8725-C71AE681A174}.Release|iPhoneSimulator.Build.0 = Release|Any CPU
		{5E6B57CC-6DCA-4B3D-8725-C71AE681A174}.Release|iPhoneSimulator.Deploy.0 = Release|Any CPU
		{5E6B57CC-6DCA-4B3D-8725-C71AE681A174}.Release|x64.ActiveCfg = Release|Any CPU
		{5E6B57CC-6DCA-4B3D-8725-C71AE681A174}.Release|x64.Build.0 = Release|Any CPU
		{5E6B57CC-6DCA-4B3D-8725-C71AE681A174}.Release|x64.Deploy.0 = Release|Any CPU
		{5E6B57CC-6DCA-4B3D-8725-C71AE681A174}.Release|x86.ActiveCfg = Release|Any CPU
		{5E6B57CC-6DCA-4B3D-8725-C71AE681A174}.Release|x86.Build.0 = Release|Any CPU
		{5E6B57CC-6DCA-4B3D-8725-C71AE681A174}.Release|x86.Deploy.0 = Release|Any CPU
		{FCE19E3D-BC1A-470A-9C35-E5A4DC84BAC9}.Ad-Hoc|Any CPU.ActiveCfg = Ad-Hoc|iPhone
		{FCE19E3D-BC1A-470A-9C35-E5A4DC84BAC9}.Ad-Hoc|ARM.ActiveCfg = Ad-Hoc|iPhone
		{FCE19E3D-BC1A-470A-9C35-E5A4DC84BAC9}.Ad-Hoc|iPhone.ActiveCfg = Ad-Hoc|iPhone
		{FCE19E3D-BC1A-470A-9C35-E5A4DC84BAC9}.Ad-Hoc|iPhone.Build.0 = Ad-Hoc|iPhone
		{FCE19E3D-BC1A-470A-9C35-E5A4DC84BAC9}.Ad-Hoc|iPhoneSimulator.ActiveCfg = Ad-Hoc|iPhoneSimulator
		{FCE19E3D-BC1A-470A-9C35-E5A4DC84BAC9}.Ad-Hoc|iPhoneSimulator.Build.0 = Ad-Hoc|iPhoneSimulator
		{FCE19E3D-BC1A-470A-9C35-E5A4DC84BAC9}.Ad-Hoc|x64.ActiveCfg = Ad-Hoc|iPhone
		{FCE19E3D-BC1A-470A-9C35-E5A4DC84BAC9}.Ad-Hoc|x86.ActiveCfg = Ad-Hoc|iPhone
		{FCE19E3D-BC1A-470A-9C35-E5A4DC84BAC9}.AppStore|Any CPU.ActiveCfg = AppStore|iPhone
		{FCE19E3D-BC1A-470A-9C35-E5A4DC84BAC9}.AppStore|ARM.ActiveCfg = AppStore|iPhone
		{FCE19E3D-BC1A-470A-9C35-E5A4DC84BAC9}.AppStore|iPhone.ActiveCfg = AppStore|iPhone
		{FCE19E3D-BC1A-470A-9C35-E5A4DC84BAC9}.AppStore|iPhone.Build.0 = AppStore|iPhone
		{FCE19E3D-BC1A-470A-9C35-E5A4DC84BAC9}.AppStore|iPhoneSimulator.ActiveCfg = AppStore|iPhoneSimulator
		{FCE19E3D-BC1A-470A-9C35-E5A4DC84BAC9}.AppStore|iPhoneSimulator.Build.0 = AppStore|iPhoneSimulator
		{FCE19E3D-BC1A-470A-9C35-E5A4DC84BAC9}.AppStore|x64.ActiveCfg = AppStore|iPhone
		{FCE19E3D-BC1A-470A-9C35-E5A4DC84BAC9}.AppStore|x86.ActiveCfg = AppStore|iPhone
		{FCE19E3D-BC1A-470A-9C35-E5A4DC84BAC9}.Debug|Any CPU.ActiveCfg = Debug|iPhone
		{FCE19E3D-BC1A-470A-9C35-E5A4DC84BAC9}.Debug|ARM.ActiveCfg = Debug|iPhone
		{FCE19E3D-BC1A-470A-9C35-E5A4DC84BAC9}.Debug|iPhone.ActiveCfg = Debug|iPhone
		{FCE19E3D-BC1A-470A-9C35-E5A4DC84BAC9}.Debug|iPhone.Build.0 = Debug|iPhone
		{FCE19E3D-BC1A-470A-9C35-E5A4DC84BAC9}.Debug|iPhoneSimulator.ActiveCfg = Debug|iPhoneSimulator
		{FCE19E3D-BC1A-470A-9C35-E5A4DC84BAC9}.Debug|iPhoneSimulator.Build.0 = Debug|iPhoneSimulator
		{FCE19E3D-BC1A-470A-9C35-E5A4DC84BAC9}.Debug|x64.ActiveCfg = Debug|iPhone
		{FCE19E3D-BC1A-470A-9C35-E5A4DC84BAC9}.Debug|x86.ActiveCfg = Debug|iPhone
		{FCE19E3D-BC1A-470A-9C35-E5A4DC84BAC9}.Release|Any CPU.ActiveCfg = Release|iPhone
		{FCE19E3D-BC1A-470A-9C35-E5A4DC84BAC9}.Release|ARM.ActiveCfg = Release|iPhone
		{FCE19E3D-BC1A-470A-9C35-E5A4DC84BAC9}.Release|iPhone.ActiveCfg = Release|iPhone
		{FCE19E3D-BC1A-470A-9C35-E5A4DC84BAC9}.Release|iPhone.Build.0 = Release|iPhone
		{FCE19E3D-BC1A-470A-9C35-E5A4DC84BAC9}.Release|iPhoneSimulator.ActiveCfg = Release|iPhoneSimulator
		{FCE19E3D-BC1A-470A-9C35-E5A4DC84BAC9}.Release|iPhoneSimulator.Build.0 = Release|iPhoneSimulator
		{FCE19E3D-BC1A-470A-9C35-E5A4DC84BAC9}.Release|x64.ActiveCfg = Release|iPhone
		{FCE19E3D-BC1A-470A-9C35-E5A4DC84BAC9}.Release|x86.ActiveCfg = Release|iPhone
		{F72FB960-21AC-4DF3-9D94-E8179F9EB8A4}.Ad-Hoc|Any CPU.ActiveCfg = Release|x86
		{F72FB960-21AC-4DF3-9D94-E8179F9EB8A4}.Ad-Hoc|Any CPU.Build.0 = Release|x86
		{F72FB960-21AC-4DF3-9D94-E8179F9EB8A4}.Ad-Hoc|Any CPU.Deploy.0 = Release|x86
		{F72FB960-21AC-4DF3-9D94-E8179F9EB8A4}.Ad-Hoc|ARM.ActiveCfg = Release|ARM
		{F72FB960-21AC-4DF3-9D94-E8179F9EB8A4}.Ad-Hoc|ARM.Build.0 = Release|ARM
		{F72FB960-21AC-4DF3-9D94-E8179F9EB8A4}.Ad-Hoc|ARM.Deploy.0 = Release|ARM
		{F72FB960-21AC-4DF3-9D94-E8179F9EB8A4}.Ad-Hoc|iPhone.ActiveCfg = Release|x86
		{F72FB960-21AC-4DF3-9D94-E8179F9EB8A4}.Ad-Hoc|iPhone.Build.0 = Release|x86
		{F72FB960-21AC-4DF3-9D94-E8179F9EB8A4}.Ad-Hoc|iPhone.Deploy.0 = Release|x86
		{F72FB960-21AC-4DF3-9D94-E8179F9EB8A4}.Ad-Hoc|iPhoneSimulator.ActiveCfg = Release|x86
		{F72FB960-21AC-4DF3-9D94-E8179F9EB8A4}.Ad-Hoc|iPhoneSimulator.Build.0 = Release|x86
		{F72FB960-21AC-4DF3-9D94-E8179F9EB8A4}.Ad-Hoc|iPhoneSimulator.Deploy.0 = Release|x86
		{F72FB960-21AC-4DF3-9D94-E8179F9EB8A4}.Ad-Hoc|x64.ActiveCfg = Release|x64
		{F72FB960-21AC-4DF3-9D94-E8179F9EB8A4}.Ad-Hoc|x64.Build.0 = Release|x64
		{F72FB960-21AC-4DF3-9D94-E8179F9EB8A4}.Ad-Hoc|x64.Deploy.0 = Release|x64
		{F72FB960-21AC-4DF3-9D94-E8179F9EB8A4}.Ad-Hoc|x86.ActiveCfg = Release|x86
		{F72FB960-21AC-4DF3-9D94-E8179F9EB8A4}.Ad-Hoc|x86.Build.0 = Release|x86
		{F72FB960-21AC-4DF3-9D94-E8179F9EB8A4}.Ad-Hoc|x86.Deploy.0 = Release|x86
		{F72FB960-21AC-4DF3-9D94-E8179F9EB8A4}.AppStore|Any CPU.ActiveCfg = Release|x86
		{F72FB960-21AC-4DF3-9D94-E8179F9EB8A4}.AppStore|Any CPU.Build.0 = Release|x86
		{F72FB960-21AC-4DF3-9D94-E8179F9EB8A4}.AppStore|Any CPU.Deploy.0 = Release|x86
		{F72FB960-21AC-4DF3-9D94-E8179F9EB8A4}.AppStore|ARM.ActiveCfg = Release|ARM
		{F72FB960-21AC-4DF3-9D94-E8179F9EB8A4}.AppStore|ARM.Build.0 = Release|ARM
		{F72FB960-21AC-4DF3-9D94-E8179F9EB8A4}.AppStore|ARM.Deploy.0 = Release|ARM
		{F72FB960-21AC-4DF3-9D94-E8179F9EB8A4}.AppStore|iPhone.ActiveCfg = Release|x86
		{F72FB960-21AC-4DF3-9D94-E8179F9EB8A4}.AppStore|iPhone.Build.0 = Release|x86
		{F72FB960-21AC-4DF3-9D94-E8179F9EB8A4}.AppStore|iPhone.Deploy.0 = Release|x86
		{F72FB960-21AC-4DF3-9D94-E8179F9EB8A4}.AppStore|iPhoneSimulator.ActiveCfg = Release|x86
		{F72FB960-21AC-4DF3-9D94-E8179F9EB8A4}.AppStore|iPhoneSimulator.Build.0 = Release|x86
		{F72FB960-21AC-4DF3-9D94-E8179F9EB8A4}.AppStore|iPhoneSimulator.Deploy.0 = Release|x86
		{F72FB960-21AC-4DF3-9D94-E8179F9EB8A4}.AppStore|x64.ActiveCfg = Release|x64
		{F72FB960-21AC-4DF3-9D94-E8179F9EB8A4}.AppStore|x64.Build.0 = Release|x64
		{F72FB960-21AC-4DF3-9D94-E8179F9EB8A4}.AppStore|x64.Deploy.0 = Release|x64
		{F72FB960-21AC-4DF3-9D94-E8179F9EB8A4}.AppStore|x86.ActiveCfg = Release|x86
		{F72FB960-21AC-4DF3-9D94-E8179F9EB8A4}.AppStore|x86.Build.0 = Release|x86
		{F72FB960-21AC-4DF3-9D94-E8179F9EB8A4}.AppStore|x86.Deploy.0 = Release|x86
		{F72FB960-21AC-4DF3-9D94-E8179F9EB8A4}.Debug|Any CPU.ActiveCfg = Debug|x86
		{F72FB960-21AC-4DF3-9D94-E8179F9EB8A4}.Debug|ARM.ActiveCfg = Debug|ARM
		{F72FB960-21AC-4DF3-9D94-E8179F9EB8A4}.Debug|ARM.Build.0 = Debug|ARM
		{F72FB960-21AC-4DF3-9D94-E8179F9EB8A4}.Debug|ARM.Deploy.0 = Debug|ARM
		{F72FB960-21AC-4DF3-9D94-E8179F9EB8A4}.Debug|iPhone.ActiveCfg = Debug|x86
		{F72FB960-21AC-4DF3-9D94-E8179F9EB8A4}.Debug|iPhoneSimulator.ActiveCfg = Debug|x86
		{F72FB960-21AC-4DF3-9D94-E8179F9EB8A4}.Debug|x64.ActiveCfg = Debug|x64
		{F72FB960-21AC-4DF3-9D94-E8179F9EB8A4}.Debug|x64.Build.0 = Debug|x64
		{F72FB960-21AC-4DF3-9D94-E8179F9EB8A4}.Debug|x64.Deploy.0 = Debug|x64
		{F72FB960-21AC-4DF3-9D94-E8179F9EB8A4}.Debug|x86.ActiveCfg = Debug|x86
		{F72FB960-21AC-4DF3-9D94-E8179F9EB8A4}.Debug|x86.Build.0 = Debug|x86
		{F72FB960-21AC-4DF3-9D94-E8179F9EB8A4}.Debug|x86.Deploy.0 = Debug|x86
		{F72FB960-21AC-4DF3-9D94-E8179F9EB8A4}.Release|Any CPU.ActiveCfg = Release|x86
		{F72FB960-21AC-4DF3-9D94-E8179F9EB8A4}.Release|ARM.ActiveCfg = Release|ARM
		{F72FB960-21AC-4DF3-9D94-E8179F9EB8A4}.Release|ARM.Build.0 = Release|ARM
		{F72FB960-21AC-4DF3-9D94-E8179F9EB8A4}.Release|ARM.Deploy.0 = Release|ARM
		{F72FB960-21AC-4DF3-9D94-E8179F9EB8A4}.Release|iPhone.ActiveCfg = Release|x86
		{F72FB960-21AC-4DF3-9D94-E8179F9EB8A4}.Release|iPhoneSimulator.ActiveCfg = Release|x86
		{F72FB960-21AC-4DF3-9D94-E8179F9EB8A4}.Release|x64.ActiveCfg = Release|x64
		{F72FB960-21AC-4DF3-9D94-E8179F9EB8A4}.Release|x64.Build.0 = Release|x64
		{F72FB960-21AC-4DF3-9D94-E8179F9EB8A4}.Release|x64.Deploy.0 = Release|x64
		{F72FB960-21AC-4DF3-9D94-E8179F9EB8A4}.Release|x86.ActiveCfg = Release|x86
		{F72FB960-21AC-4DF3-9D94-E8179F9EB8A4}.Release|x86.Build.0 = Release|x86
		{F72FB960-21AC-4DF3-9D94-E8179F9EB8A4}.Release|x86.Deploy.0 = Release|x86
		{1CD439DF-B430-40D0-8465-6759A6C7DEBE}.Ad-Hoc|Any CPU.ActiveCfg = Debug|Any CPU
		{1CD439DF-B430-40D0-8465-6759A6C7DEBE}.Ad-Hoc|Any CPU.Build.0 = Debug|Any CPU
		{1CD439DF-B430-40D0-8465-6759A6C7DEBE}.Ad-Hoc|ARM.ActiveCfg = Debug|Any CPU
		{1CD439DF-B430-40D0-8465-6759A6C7DEBE}.Ad-Hoc|ARM.Build.0 = Debug|Any CPU
		{1CD439DF-B430-40D0-8465-6759A6C7DEBE}.Ad-Hoc|iPhone.ActiveCfg = Debug|Any CPU
		{1CD439DF-B430-40D0-8465-6759A6C7DEBE}.Ad-Hoc|iPhone.Build.0 = Debug|Any CPU
		{1CD439DF-B430-40D0-8465-6759A6C7DEBE}.Ad-Hoc|iPhoneSimulator.ActiveCfg = Debug|Any CPU
		{1CD439DF-B430-40D0-8465-6759A6C7DEBE}.Ad-Hoc|iPhoneSimulator.Build.0 = Debug|Any CPU
		{1CD439DF-B430-40D0-8465-6759A6C7DEBE}.Ad-Hoc|x64.ActiveCfg = Debug|Any CPU
		{1CD439DF-B430-40D0-8465-6759A6C7DEBE}.Ad-Hoc|x64.Build.0 = Debug|Any CPU
		{1CD439DF-B430-40D0-8465-6759A6C7DEBE}.Ad-Hoc|x86.ActiveCfg = Debug|Any CPU
		{1CD439DF-B430-40D0-8465-6759A6C7DEBE}.Ad-Hoc|x86.Build.0 = Debug|Any CPU
		{1CD439DF-B430-40D0-8465-6759A6C7DEBE}.AppStore|Any CPU.ActiveCfg = Debug|Any CPU
		{1CD439DF-B430-40D0-8465-6759A6C7DEBE}.AppStore|Any CPU.Build.0 = Debug|Any CPU
		{1CD439DF-B430-40D0-8465-6759A6C7DEBE}.AppStore|ARM.ActiveCfg = Debug|Any CPU
		{1CD439DF-B430-40D0-8465-6759A6C7DEBE}.AppStore|ARM.Build.0 = Debug|Any CPU
		{1CD439DF-B430-40D0-8465-6759A6C7DEBE}.AppStore|iPhone.ActiveCfg = Debug|Any CPU
		{1CD439DF-B430-40D0-8465-6759A6C7DEBE}.AppStore|iPhone.Build.0 = Debug|Any CPU
		{1CD439DF-B430-40D0-8465-6759A6C7DEBE}.AppStore|iPhoneSimulator.ActiveCfg = Debug|Any CPU
		{1CD439DF-B430-40D0-8465-6759A6C7DEBE}.AppStore|iPhoneSimulator.Build.0 = Debug|Any CPU
		{1CD439DF-B430-40D0-8465-6759A6C7DEBE}.AppStore|x64.ActiveCfg = Debug|Any CPU
		{1CD439DF-B430-40D0-8465-6759A6C7DEBE}.AppStore|x64.Build.0 = Debug|Any CPU
		{1CD439DF-B430-40D0-8465-6759A6C7DEBE}.AppStore|x86.ActiveCfg = Debug|Any CPU
		{1CD439DF-B430-40D0-8465-6759A6C7DEBE}.AppStore|x86.Build.0 = Debug|Any CPU
		{1CD439DF-B430-40D0-8465-6759A6C7DEBE}.Debug|Any CPU.ActiveCfg = Debug|Any CPU
		{1CD439DF-B430-40D0-8465-6759A6C7DEBE}.Debug|Any CPU.Build.0 = Debug|Any CPU
		{1CD439DF-B430-40D0-8465-6759A6C7DEBE}.Debug|ARM.ActiveCfg = Debug|Any CPU
		{1CD439DF-B430-40D0-8465-6759A6C7DEBE}.Debug|ARM.Build.0 = Debug|Any CPU
		{1CD439DF-B430-40D0-8465-6759A6C7DEBE}.Debug|iPhone.ActiveCfg = Debug|Any CPU
		{1CD439DF-B430-40D0-8465-6759A6C7DEBE}.Debug|iPhone.Build.0 = Debug|Any CPU
		{1CD439DF-B430-40D0-8465-6759A6C7DEBE}.Debug|iPhoneSimulator.ActiveCfg = Debug|Any CPU
		{1CD439DF-B430-40D0-8465-6759A6C7DEBE}.Debug|iPhoneSimulator.Build.0 = Debug|Any CPU
		{1CD439DF-B430-40D0-8465-6759A6C7DEBE}.Debug|x64.ActiveCfg = Debug|Any CPU
		{1CD439DF-B430-40D0-8465-6759A6C7DEBE}.Debug|x64.Build.0 = Debug|Any CPU
		{1CD439DF-B430-40D0-8465-6759A6C7DEBE}.Debug|x86.ActiveCfg = Debug|Any CPU
		{1CD439DF-B430-40D0-8465-6759A6C7DEBE}.Debug|x86.Build.0 = Debug|Any CPU
		{1CD439DF-B430-40D0-8465-6759A6C7DEBE}.Release|Any CPU.ActiveCfg = Release|Any CPU
		{1CD439DF-B430-40D0-8465-6759A6C7DEBE}.Release|Any CPU.Build.0 = Release|Any CPU
		{1CD439DF-B430-40D0-8465-6759A6C7DEBE}.Release|ARM.ActiveCfg = Release|Any CPU
		{1CD439DF-B430-40D0-8465-6759A6C7DEBE}.Release|ARM.Build.0 = Release|Any CPU
		{1CD439DF-B430-40D0-8465-6759A6C7DEBE}.Release|iPhone.ActiveCfg = Release|Any CPU
		{1CD439DF-B430-40D0-8465-6759A6C7DEBE}.Release|iPhone.Build.0 = Release|Any CPU
		{1CD439DF-B430-40D0-8465-6759A6C7DEBE}.Release|iPhoneSimulator.ActiveCfg = Release|Any CPU
		{1CD439DF-B430-40D0-8465-6759A6C7DEBE}.Release|iPhoneSimulator.Build.0 = Release|Any CPU
		{1CD439DF-B430-40D0-8465-6759A6C7DEBE}.Release|x64.ActiveCfg = Release|Any CPU
		{1CD439DF-B430-40D0-8465-6759A6C7DEBE}.Release|x64.Build.0 = Release|Any CPU
		{1CD439DF-B430-40D0-8465-6759A6C7DEBE}.Release|x86.ActiveCfg = Release|Any CPU
		{1CD439DF-B430-40D0-8465-6759A6C7DEBE}.Release|x86.Build.0 = Release|Any CPU
	EndGlobalSection
	GlobalSection(SolutionProperties) = preSolution
		HideSolutionNode = FALSE
	EndGlobalSection
	GlobalSection(ExtensibilityGlobals) = postSolution
		SolutionGuid = {DD326355-348B-4DEC-BEF0-560B72EBD750}
	EndGlobalSection
EndGlobal
